
Microsoft Visual Studio Solution File, Format Version 12.00
# Visual Studio Version 17
VisualStudioVersion = 17.14.36414.22 d17.14
MinimumVisualStudioVersion = 10.0.40219.1
Project("{FAE04EC0-301F-11D3-BF4B-00C04F79EFBC}") = "AIChatbotImitatorExercise", "AIChatbotImitatorExercise.csproj", "{B2985248-1B64-497A-9CCA-CFA19EF2EE28}"
EndProject
Global
	GlobalSection(SolutionConfigurationPlatforms) = preSolution
		Debug|Any CPU = Debug|Any CPU
		Release|Any CPU = Release|Any CPU
	EndGlobalSection
	GlobalSection(ProjectConfigurationPlatforms) = postSolution
		{B2985248-1B64-497A-9CCA-CFA19EF2EE28}.Debug|Any CPU.ActiveCfg = Debug|Any CPU
		{B2985248-1B64-497A-9CCA-CFA19EF2EE28}.Debug|Any CPU.Build.0 = Debug|Any CPU
		{B2985248-1B64-497A-9CCA-CFA19EF2EE28}.Release|Any CPU.ActiveCfg = Release|Any CPU
		{B2985248-1B64-497A-9CCA-CFA19EF2EE28}.Release|Any CPU.Build.0 = Release|Any CPU
	EndGlobalSection
	GlobalSection(SolutionProperties) = preSolution
		HideSolutionNode = FALSE
	EndGlobalSection
	GlobalSection(ExtensibilityGlobals) = postSolution
		SolutionGuid = {7198D920-D99C-42E9-A4B9-14E675DF5BEC}
	EndGlobalSection
EndGlobal
